// !$*UTF8*$!
{
	archiveVersion = 1;
	classes = {
	};
	objectVersion = 56;
	objects = {

/* Begin PBXBuildFile section */
		1F23DD762CF64FFD000D258C /* Animation.swift in Sources */ = {isa = PBXBuildFile; fileRef = 1F23DD752CF64FFD000D258C /* Animation.swift */; };
		1F23DD7A2CF650D6000D258C /* DataStore.swift in Sources */ = {isa = PBXBuildFile; fileRef = 1F23DD792CF650D6000D258C /* DataStore.swift */; };
		1F3A7B3F2CEBB39900C787EE /* AppDelegate.swift in Sources */ = {isa = PBXBuildFile; fileRef = 1F3A7B3E2CEBB39900C787EE /* AppDelegate.swift */; };
		1F3A7B412CEBB39900C787EE /* SceneDelegate.swift in Sources */ = {isa = PBXBuildFile; fileRef = 1F3A7B402CEBB39900C787EE /* SceneDelegate.swift */; };
		1F3A7B432CEBB39900C787EE /* ViewController.swift in Sources */ = {isa = PBXBuildFile; fileRef = 1F3A7B422CEBB39900C787EE /* ViewController.swift */; };
		1F3A7B462CEBB39900C787EE /* Main.storyboard in Resources */ = {isa = PBXBuildFile; fileRef = 1F3A7B442CEBB39900C787EE /* Main.storyboard */; };
		1F3A7B482CEBB39C00C787EE /* Assets.xcassets in Resources */ = {isa = PBXBuildFile; fileRef = 1F3A7B472CEBB39C00C787EE /* Assets.xcassets */; };
		1F3A7B4B2CEBB39C00C787EE /* LaunchScreen.storyboard in Resources */ = {isa = PBXBuildFile; fileRef = 1F3A7B492CEBB39C00C787EE /* LaunchScreen.storyboard */; };
		1F3A7B572CEBB6DA00C787EE /* SpringAnimation in Frameworks */ = {isa = PBXBuildFile; productRef = 1F3A7B562CEBB6DA00C787EE /* SpringAnimation */; };
/* End PBXBuildFile section */

/* Begin PBXFileReference section */
		1F23DD752CF64FFD000D258C /* Animation.swift */ = {isa = PBXFileReference; lastKnownFileType = sourcecode.swift; path = Animation.swift; sourceTree = "<group>"; };
		1F23DD792CF650D6000D258C /* DataStore.swift */ = {isa = PBXFileReference; lastKnownFileType = sourcecode.swift; path = DataStore.swift; sourceTree = "<group>"; };
		1F3A7B3B2CEBB39900C787EE /* AnimationApp.app */ = {isa = PBXFileReference; explicitFileType = wrapper.application; includeInIndex = 0; path = AnimationApp.app; sourceTree = BUILT_PRODUCTS_DIR; };
		1F3A7B3E2CEBB39900C787EE /* AppDelegate.swift */ = {isa = PBXFileReference; lastKnownFileType = sourcecode.swift; path = AppDelegate.swift; sourceTree = "<group>"; };
		1F3A7B402CEBB39900C787EE /* SceneDelegate.swift */ = {isa = PBXFileReference; lastKnownFileType = sourcecode.swift; path = SceneDelegate.swift; sourceTree = "<group>"; };
		1F3A7B422CEBB39900C787EE /* ViewController.swift */ = {isa = PBXFileReference; lastKnownFileType = sourcecode.swift; path = ViewController.swift; sourceTree = "<group>"; };
		1F3A7B452CEBB39900C787EE /* Base */ = {isa = PBXFileReference; lastKnownFileType = file.storyboard; name = Base; path = Base.lproj/Main.storyboard; sourceTree = "<group>"; };
		1F3A7B472CEBB39C00C787EE /* Assets.xcassets */ = {isa = PBXFileReference; lastKnownFileType = folder.assetcatalog; path = Assets.xcassets; sourceTree = "<group>"; };
		1F3A7B4A2CEBB39C00C787EE /* Base */ = {isa = PBXFileReference; lastKnownFileType = file.storyboard; name = Base; path = Base.lproj/LaunchScreen.storyboard; sourceTree = "<group>"; };
		1F3A7B4C2CEBB39C00C787EE /* Info.plist */ = {isa = PBXFileReference; lastKnownFileType = text.plist.xml; path = Info.plist; sourceTree = "<group>"; };
/* End PBXFileReference section */

/* Begin PBXFrameworksBuildPhase section */
		1F3A7B382CEBB39900C787EE /* Frameworks */ = {
			isa = PBXFrameworksBuildPhase;
			buildActionMask = 2147483647;
			files = (
				1F3A7B572CEBB6DA00C787EE /* SpringAnimation in Frameworks */,
			);
			runOnlyForDeploymentPostprocessing = 0;
		};
/* End PBXFrameworksBuildPhase section */

/* Begin PBXGroup section */
		1F23DD742CF64FDE000D258C /* Models */ = {
			isa = PBXGroup;
			children = (
				1F23DD752CF64FFD000D258C /* Animation.swift */,
			);
			path = Models;
			sourceTree = "<group>";
		};
		1F23DD772CF650B0000D258C /* Services */ = {
			isa = PBXGroup;
			children = (
				1F23DD792CF650D6000D258C /* DataStore.swift */,
			);
			path = Services;
			sourceTree = "<group>";
		};
		1F23DD7B2CF651C0000D258C /* Resources */ = {
			isa = PBXGroup;
			children = (
				1F3A7B472CEBB39C00C787EE /* Assets.xcassets */,
			);
			path = Resources;
			sourceTree = "<group>";
		};
		1F3A7B322CEBB39900C787EE = {
			isa = PBXGroup;
			children = (
				1F3A7B3D2CEBB39900C787EE /* AnimationApp */,
				1F3A7B3C2CEBB39900C787EE /* Products */,
			);
			sourceTree = "<group>";
		};
		1F3A7B3C2CEBB39900C787EE /* Products */ = {
			isa = PBXGroup;
			children = (
				1F3A7B3B2CEBB39900C787EE /* AnimationApp.app */,
			);
			name = Products;
			sourceTree = "<group>";
		};
		1F3A7B3D2CEBB39900C787EE /* AnimationApp */ = {
			isa = PBXGroup;
			children = (
				1F3A7B542CEBB47200C787EE /* ViewControllers */,
				1F23DD742CF64FDE000D258C /* Models */,
				1F23DD772CF650B0000D258C /* Services */,
				1F3A7B532CEBB45600C787EE /* Storyboards */,
				1F3A7B522CEBB41000C787EE /* App */,
				1F23DD7B2CF651C0000D258C /* Resources */,
			);
			path = AnimationApp;
			sourceTree = "<group>";
		};
		1F3A7B522CEBB41000C787EE /* App */ = {
			isa = PBXGroup;
			children = (
				1F3A7B402CEBB39900C787EE /* SceneDelegate.swift */,
				1F3A7B3E2CEBB39900C787EE /* AppDelegate.swift */,
				1F3A7B4C2CEBB39C00C787EE /* Info.plist */,
			);
			path = App;
			sourceTree = "<group>";
		};
		1F3A7B532CEBB45600C787EE /* Storyboards */ = {
			isa = PBXGroup;
			children = (
				1F3A7B442CEBB39900C787EE /* Main.storyboard */,
				1F3A7B492CEBB39C00C787EE /* LaunchScreen.storyboard */,
			);
			path = Storyboards;
			sourceTree = "<group>";
		};
		1F3A7B542CEBB47200C787EE /* ViewControllers */ = {
			isa = PBXGroup;
			children = (
				1F3A7B422CEBB39900C787EE /* ViewController.swift */,
			);
			path = ViewControllers;
			sourceTree = "<group>";
		};
/* End PBXGroup section */

/* Begin PBXNativeTarget section */
		1F3A7B3A2CEBB39900C787EE /* AnimationApp */ = {
			isa = PBXNativeTarget;
			buildConfigurationList = 1F3A7B4F2CEBB39C00C787EE /* Build configuration list for PBXNativeTarget "AnimationApp" */;
			buildPhases = (
				1F3A7B372CEBB39900C787EE /* Sources */,
				1F3A7B382CEBB39900C787EE /* Frameworks */,
				1F3A7B392CEBB39900C787EE /* Resources */,
			);
			buildRules = (
			);
			dependencies = (
			);
			name = AnimationApp;
			packageProductDependencies = (
				1F3A7B562CEBB6DA00C787EE /* SpringAnimation */,
			);
			productName = AnimationApp;
			productReference = 1F3A7B3B2CEBB39900C787EE /* AnimationApp.app */;
			productType = "com.apple.product-type.application";
		};
/* End PBXNativeTarget section */

/* Begin PBXProject section */
		1F3A7B332CEBB39900C787EE /* Project object */ = {
			isa = PBXProject;
			attributes = {
				BuildIndependentTargetsInParallel = 1;
				LastSwiftUpdateCheck = 1510;
				LastUpgradeCheck = 1510;
				TargetAttributes = {
					1F3A7B3A2CEBB39900C787EE = {
						CreatedOnToolsVersion = 15.1;
					};
				};
			};
			buildConfigurationList = 1F3A7B362CEBB39900C787EE /* Build configuration list for PBXProject "AnimationApp" */;
			compatibilityVersion = "Xcode 14.0";
			developmentRegion = en;
			hasScannedForEncodings = 0;
			knownRegions = (
				en,
				Base,
			);
			mainGroup = 1F3A7B322CEBB39900C787EE;
			packageReferences = (
				1F3A7B552CEBB6DA00C787EE /* XCRemoteSwiftPackageReference "SpringAnimation" */,
			);
			productRefGroup = 1F3A7B3C2CEBB39900C787EE /* Products */;
			projectDirPath = "";
			projectRoot = "";
			targets = (
				1F3A7B3A2CEBB39900C787EE /* AnimationApp */,
			);
		};
/* End PBXProject section */

/* Begin PBXResourcesBuildPhase section */
		1F3A7B392CEBB39900C787EE /* Resources */ = {
			isa = PBXResourcesBuildPhase;
			buildActionMask = 2147483647;
			files = (
				1F3A7B4B2CEBB39C00C787EE /* LaunchScreen.storyboard in Resources */,
				1F3A7B482CEBB39C00C787EE /* Assets.xcassets in Resources */,
				1F3A7B462CEBB39900C787EE /* Main.storyboard in Resources */,
			);
			runOnlyForDeploymentPostprocessing = 0;
		};
/* End PBXResourcesBuildPhase section */

/* Begin PBXSourcesBuildPhase section */
		1F3A7B372CEBB39900C787EE /* Sources */ = {
			isa = PBXSourcesBuildPhase;
			buildActionMask = 2147483647;
			files = (
				1F3A7B432CEBB39900C787EE /* ViewController.swift in Sources */,
				1F3A7B3F2CEBB39900C787EE /* AppDelegate.swift in Sources */,
				1F23DD762CF64FFD000D258C /* Animation.swift in Sources */,
				1F23DD7A2CF650D6000D258C /* DataStore.swift in Sources */,
				1F3A7B412CEBB39900C787EE /* SceneDelegate.swift in Sources */,
			);
			runOnlyForDeploymentPostprocessing = 0;
		};
/* End PBXSourcesBuildPhase section */

/* Begin PBXVariantGroup section */
		1F3A7B442CEBB39900C787EE /* Main.storyboard */ = {
			isa = PBXVariantGroup;
			children = (
				1F3A7B452CEBB39900C787EE /* Base */,
			);
			name = Main.storyboard;
			sourceTree = "<group>";
		};
		1F3A7B492CEBB39C00C787EE /* LaunchScreen.storyboard */ = {
			isa = PBXVariantGroup;
			children = (
				1F3A7B4A2CEBB39C00C787EE /* Base */,
			);
			name = LaunchScreen.storyboard;
			sourceTree = "<group>";
		};
/* End PBXVariantGroup section */

/* Begin XCBuildConfiguration section */
		1F3A7B4D2CEBB39C00C787EE /* Debug */ = {
			isa = XCBuildConfiguration;
			buildSettings = {
				ALWAYS_SEARCH_USER_PATHS = NO;
				ASSETCATALOG_COMPILER_GENERATE_SWIFT_ASSET_SYMBOL_EXTENSIONS = YES;
				CLANG_ANALYZER_NONNULL = YES;
				CLANG_ANALYZER_NUMBER_OBJECT_CONVERSION = YES_AGGRESSIVE;
				CLANG_CXX_LANGUAGE_STANDARD = "gnu++20";
				CLANG_ENABLE_MODULES = YES;
				CLANG_ENABLE_OBJC_ARC = YES;
				CLANG_ENABLE_OBJC_WEAK = YES;
				CLANG_WARN_BLOCK_CAPTURE_AUTORELEASING = YES;
				CLANG_WARN_BOOL_CONVERSION = YES;
				CLANG_WARN_COMMA = YES;
				CLANG_WARN_CONSTANT_CONVERSION = YES;
				CLANG_WARN_DEPRECATED_OBJC_IMPLEMENTATIONS = YES;
				CLANG_WARN_DIRECT_OBJC_ISA_USAGE = YES_ERROR;
				CLANG_WARN_DOCUMENTATION_COMMENTS = YES;
				CLANG_WARN_EMPTY_BODY = YES;
				CLANG_WARN_ENUM_CONVERSION = YES;
				CLANG_WARN_INFINITE_RECURSION = YES;
				CLANG_WARN_INT_CONVERSION = YES;
				CLANG_WARN_NON_LITERAL_NULL_CONVERSION = YES;
				CLANG_WARN_OBJC_IMPLICIT_RETAIN_SELF = YES;
				CLANG_WARN_OBJC_LITERAL_CONVERSION = YES;
				CLANG_WARN_OBJC_ROOT_CLASS = YES_ERROR;
				CLANG_WARN_QUOTED_INCLUDE_IN_FRAMEWORK_HEADER = YES;
				CLANG_WARN_RANGE_LOOP_ANALYSIS = YES;
				CLANG_WARN_STRICT_PROTOTYPES = YES;
				CLANG_WARN_SUSPICIOUS_MOVE = YES;
				CLANG_WARN_UNGUARDED_AVAILABILITY = YES_AGGRESSIVE;
				CLANG_WARN_UNREACHABLE_CODE = YES;
				CLANG_WARN__DUPLICATE_METHOD_MATCH = YES;
				COPY_PHASE_STRIP = NO;
				DEBUG_INFORMATION_FORMAT = dwarf;
				ENABLE_STRICT_OBJC_MSGSEND = YES;
				ENABLE_TESTABILITY = YES;
				ENABLE_USER_SCRIPT_SANDBOXING = YES;
				GCC_C_LANGUAGE_STANDARD = gnu17;
				GCC_DYNAMIC_NO_PIC = NO;
				GCC_NO_COMMON_BLOCKS = YES;
				GCC_OPTIMIZATION_LEVEL = 0;
				GCC_PREPROCESSOR_DEFINITIONS = (
					"DEBUG=1",
					"$(inherited)",
				);
				GCC_WARN_64_TO_32_BIT_CONVERSION = YES;
				GCC_WARN_ABOUT_RETURN_TYPE = YES_ERROR;
				GCC_WARN_UNDECLARED_SELECTOR = YES;
				GCC_WARN_UNINITIALIZED_AUTOS = YES_AGGRESSIVE;
				GCC_WARN_UNUSED_FUNCTION = YES;
				GCC_WARN_UNUSED_VARIABLE = YES;
				IPHONEOS_DEPLOYMENT_TARGET = 17.2;
				LOCALIZATION_PREFERS_STRING_CATALOGS = YES;
				MTL_ENABLE_DEBUG_INFO = INCLUDE_SOURCE;
				MTL_FAST_MATH = YES;
				ONLY_ACTIVE_ARCH = YES;
				SDKROOT = iphoneos;
				SWIFT_ACTIVE_COMPILATION_CONDITIONS = "DEBUG $(inherited)";
				SWIFT_OPTIMIZATION_LEVEL = "-Onone";
			};
			name = Debug;
		};
		1F3A7B4E2CEBB39C00C787EE /* Release */ = {
			isa = XCBuildConfiguration;
			buildSettings = {
				ALWAYS_SEARCH_USER_PATHS = NO;
				ASSETCATALOG_COMPILER_GENERATE_SWIFT_ASSET_SYMBOL_EXTENSIONS = YES;
				CLANG_ANALYZER_NONNULL = YES;
				CLANG_ANALYZER_NUMBER_OBJECT_CONVERSION = YES_AGGRESSIVE;
				CLANG_CXX_LANGUAGE_STANDARD = "gnu++20";
				CLANG_ENABLE_MODULES = YES;
				CLANG_ENABLE_OBJC_ARC = YES;
				CLANG_ENABLE_OBJC_WEAK = YES;
				CLANG_WARN_BLOCK_CAPTURE_AUTORELEASING = YES;
				CLANG_WARN_BOOL_CONVERSION = YES;
				CLANG_WARN_COMMA = YES;
				CLANG_WARN_CONSTANT_CONVERSION = YES;
				CLANG_WARN_DEPRECATED_OBJC_IMPLEMENTATIONS = YES;
				CLANG_WARN_DIRECT_OBJC_ISA_USAGE = YES_ERROR;
				CLANG_WARN_DOCUMENTATION_COMMENTS = YES;
				CLANG_WARN_EMPTY_BODY = YES;
				CLANG_WARN_ENUM_CONVERSION = YES;
				CLANG_WARN_INFINITE_RECURSION = YES;
				CLANG_WARN_INT_CONVERSION = YES;
				CLANG_WARN_NON_LITERAL_NULL_CONVERSION = YES;
				CLANG_WARN_OBJC_IMPLICIT_RETAIN_SELF = YES;
				CLANG_WARN_OBJC_LITERAL_CONVERSION = YES;
				CLANG_WARN_OBJC_ROOT_CLASS = YES_ERROR;
				CLANG_WARN_QUOTED_INCLUDE_IN_FRAMEWORK_HEADER = YES;
				CLANG_WARN_RANGE_LOOP_ANALYSIS = YES;
				CLANG_WARN_STRICT_PROTOTYPES = YES;
				CLANG_WARN_SUSPICIOUS_MOVE = YES;
				CLANG_WARN_UNGUARDED_AVAILABILITY = YES_AGGRESSIVE;
				CLANG_WARN_UNREACHABLE_CODE = YES;
				CLANG_WARN__DUPLICATE_METHOD_MATCH = YES;
				COPY_PHASE_STRIP = NO;
				DEBUG_INFORMATION_FORMAT = "dwarf-with-dsym";
				ENABLE_NS_ASSERTIONS = NO;
				ENABLE_STRICT_OBJC_MSGSEND = YES;
				ENABLE_USER_SCRIPT_SANDBOXING = YES;
				GCC_C_LANGUAGE_STANDARD = gnu17;
				GCC_NO_COMMON_BLOCKS = YES;
				GCC_WARN_64_TO_32_BIT_CONVERSION = YES;
				GCC_WARN_ABOUT_RETURN_TYPE = YES_ERROR;
				GCC_WARN_UNDECLARED_SELECTOR = YES;
				GCC_WARN_UNINITIALIZED_AUTOS = YES_AGGRESSIVE;
				GCC_WARN_UNUSED_FUNCTION = YES;
				GCC_WARN_UNUSED_VARIABLE = YES;
				IPHONEOS_DEPLOYMENT_TARGET = 17.2;
				LOCALIZATION_PREFERS_STRING_CATALOGS = YES;
				MTL_ENABLE_DEBUG_INFO = NO;
				MTL_FAST_MATH = YES;
				SDKROOT = iphoneos;
				SWIFT_COMPILATION_MODE = wholemodule;
				VALIDATE_PRODUCT = YES;
			};
			name = Release;
		};
		1F3A7B502CEBB39C00C787EE /* Debug */ = {
			isa = XCBuildConfiguration;
			buildSettings = {
				ASSETCATALOG_COMPILER_APPICON_NAME = AppIcon;
				ASSETCATALOG_COMPILER_GLOBAL_ACCENT_COLOR_NAME = AccentColor;
				CODE_SIGN_STYLE = Automatic;
				CURRENT_PROJECT_VERSION = 1;
				GENERATE_INFOPLIST_FILE = YES;
				INFOPLIST_FILE = AnimationApp/App/Info.plist;
				INFOPLIST_KEY_UIApplicationSupportsIndirectInputEvents = YES;
				INFOPLIST_KEY_UILaunchStoryboardName = LaunchScreen;
				INFOPLIST_KEY_UIMainStoryboardFile = Main;
				INFOPLIST_KEY_UISupportedInterfaceOrientations = UIInterfaceOrientationPortrait;
				INFOPLIST_KEY_UISupportedInterfaceOrientations_iPad = "UIInterfaceOrientationLandscapeLeft UIInterfaceOrientationLandscapeRight UIInterfaceOrientationPortrait UIInterfaceOrientationPortraitUpsideDown";
				LD_RUNPATH_SEARCH_PATHS = (
					"$(inherited)",
					"@executable_path/Frameworks",
				);
				MARKETING_VERSION = 1.0;
				PRODUCT_BUNDLE_IDENTIFIER = malygin.AnimationApp;
				PRODUCT_NAME = "$(TARGET_NAME)";
				SUPPORTED_PLATFORMS = "iphoneos iphonesimulator";
				SUPPORTS_MACCATALYST = NO;
				SUPPORTS_MAC_DESIGNED_FOR_IPHONE_IPAD = NO;
				SWIFT_EMIT_LOC_STRINGS = YES;
				SWIFT_VERSION = 5.0;
				TARGETED_DEVICE_FAMILY = 1;
			};
			name = Debug;
		};
		1F3A7B512CEBB39C00C787EE /* Release */ = {
			isa = XCBuildConfiguration;
			buildSettings = {
				ASSETCATALOG_COMPILER_APPICON_NAME = AppIcon;
				ASSETCATALOG_COMPILER_GLOBAL_ACCENT_COLOR_NAME = AccentColor;
				CODE_SIGN_STYLE = Automatic;
				CURRENT_PROJECT_VERSION = 1;
				GENERATE_INFOPLIST_FILE = YES;
				INFOPLIST_FILE = AnimationApp/App/Info.plist;
				INFOPLIST_KEY_UIApplicationSupportsIndirectInputEvents = YES;
				INFOPLIST_KEY_UILaunchStoryboardName = LaunchScreen;
				INFOPLIST_KEY_UIMainStoryboardFile = Main;
				INFOPLIST_KEY_UISupportedInterfaceOrientations = UIInterfaceOrientationPortrait;
				INFOPLIST_KEY_UISupportedInterfaceOrientations_iPad = "UIInterfaceOrientationLandscapeLeft UIInterfaceOrientationLandscapeRight UIInterfaceOrientationPortrait UIInterfaceOrientationPortraitUpsideDown";
				LD_RUNPATH_SEARCH_PATHS = (
					"$(inherited)",
					"@executable_path/Frameworks",
				);
				MARKETING_VERSION = 1.0;
				PRODUCT_BUNDLE_IDENTIFIER = malygin.AnimationApp;
				PRODUCT_NAME = "$(TARGET_NAME)";
				SUPPORTED_PLATFORMS = "iphoneos iphonesimulator";
				SUPPORTS_MACCATALYST = NO;
				SUPPORTS_MAC_DESIGNED_FOR_IPHONE_IPAD = NO;
				SWIFT_EMIT_LOC_STRINGS = YES;
				SWIFT_VERSION = 5.0;
				TARGETED_DEVICE_FAMILY = 1;
			};
			name = Release;
		};
/* End XCBuildConfiguration section */

/* Begin XCConfigurationList section */
		1F3A7B362CEBB39900C787EE /* Build configuration list for PBXProject "AnimationApp" */ = {
			isa = XCConfigurationList;
			buildConfigurations = (
				1F3A7B4D2CEBB39C00C787EE /* Debug */,
				1F3A7B4E2CEBB39C00C787EE /* Release */,
			);
			defaultConfigurationIsVisible = 0;
			defaultConfigurationName = Release;
		};
		1F3A7B4F2CEBB39C00C787EE /* Build configuration list for PBXNativeTarget "AnimationApp" */ = {
			isa = XCConfigurationList;
			buildConfigurations = (
				1F3A7B502CEBB39C00C787EE /* Debug */,
				1F3A7B512CEBB39C00C787EE /* Release */,
			);
			defaultConfigurationIsVisible = 0;
			defaultConfigurationName = Release;
		};
/* End XCConfigurationList section */

/* Begin XCRemoteSwiftPackageReference section */
		1F3A7B552CEBB6DA00C787EE /* XCRemoteSwiftPackageReference "SpringAnimation" */ = {
			isa = XCRemoteSwiftPackageReference;
			repositoryURL = "https://github.com/LexDeBash/SpringAnimation.git";
			requirement = {
				kind = upToNextMajorVersion;
				minimumVersion = 0.3.0;
			};
		};
/* End XCRemoteSwiftPackageReference section */

/* Begin XCSwiftPackageProductDependency section */
		1F3A7B562CEBB6DA00C787EE /* SpringAnimation */ = {
			isa = XCSwiftPackageProductDependency;
			package = 1F3A7B552CEBB6DA00C787EE /* XCRemoteSwiftPackageReference "SpringAnimation" */;
			productName = SpringAnimation;
		};
/* End XCSwiftPackageProductDependency section */
	};
	rootObject = 1F3A7B332CEBB39900C787EE /* Project object */;
}
